
Microsoft Visual Studio Solution File, Format Version 12.00
# Visual Studio 14
VisualStudioVersion = 14.0.25420.1
MinimumVisualStudioVersion = 10.0.40219.1
Project("{FAE04EC0-301F-11D3-BF4B-00C04F79EFBC}") = "MultiWearHouse", "UserAutherization\MultiWearHouse.csproj", "{197FB644-E9C9-435B-A4FF-33EDFCE0F638}"
EndProject
Project("{FAE04EC0-301F-11D3-BF4B-00C04F79EFBC}") = "DataAccess", "..\DataAccess\DataAccess.csproj", "{10CC2C1A-49D2-4162-9EAF-6718463EE20F}"
EndProject
Project("{FAE04EC0-301F-11D3-BF4B-00C04F79EFBC}") = "DBUtil", "DBUtil\DBUtil.csproj", "{99CF383A-609F-47DF-909D-7AE9976F4E17}"
EndProject
Project("{FAE04EC0-301F-11D3-BF4B-00C04F79EFBC}") = "PCMBeans", "..\PCMBeans\PCMBeans.csproj", "{297E760C-4F3B-4BEA-9B51-413FA6AD1767}"
EndProject
Project("{FAE04EC0-301F-11D3-BF4B-00C04F79EFBC}") = "PCMBLL", "..\PCMBLL\PCMBLL.csproj", "{53EFCA1B-C844-4C7A-A05B-0D6E76B424B2}"
EndProject
Project("{FAE04EC0-301F-11D3-BF4B-00C04F79EFBC}") = "PCMDBL", "..\PCMDBL\PCMDBL.csproj", "{232AB3C4-A191-4F94-B559-353EFB794656}"
EndProject
Global
	GlobalSection(SolutionConfigurationPlatforms) = preSolution
		Debug|Any CPU = Debug|Any CPU
		Release|Any CPU = Release|Any CPU
	EndGlobalSection
	GlobalSection(ProjectConfigurationPlatforms) = postSolution
		{197FB644-E9C9-435B-A4FF-33EDFCE0F638}.Debug|Any CPU.ActiveCfg = Debug|Any CPU
		{197FB644-E9C9-435B-A4FF-33EDFCE0F638}.Debug|Any CPU.Build.0 = Debug|Any CPU
		{197FB644-E9C9-435B-A4FF-33EDFCE0F638}.Release|Any CPU.ActiveCfg = Release|Any CPU
		{197FB644-E9C9-435B-A4FF-33EDFCE0F638}.Release|Any CPU.Build.0 = Release|Any CPU
		{10CC2C1A-49D2-4162-9EAF-6718463EE20F}.Debug|Any CPU.ActiveCfg = Debug|Any CPU
		{10CC2C1A-49D2-4162-9EAF-6718463EE20F}.Debug|Any CPU.Build.0 = Debug|Any CPU
		{10CC2C1A-49D2-4162-9EAF-6718463EE20F}.Release|Any CPU.ActiveCfg = Release|Any CPU
		{10CC2C1A-49D2-4162-9EAF-6718463EE20F}.Release|Any CPU.Build.0 = Release|Any CPU
		{99CF383A-609F-47DF-909D-7AE9976F4E17}.Debug|Any CPU.ActiveCfg = Debug|Any CPU
		{99CF383A-609F-47DF-909D-7AE9976F4E17}.Debug|Any CPU.Build.0 = Debug|Any CPU
		{99CF383A-609F-47DF-909D-7AE9976F4E17}.Release|Any CPU.ActiveCfg = Release|Any CPU
		{99CF383A-609F-47DF-909D-7AE9976F4E17}.Release|Any CPU.Build.0 = Release|Any CPU
		{297E760C-4F3B-4BEA-9B51-413FA6AD1767}.Debug|Any CPU.ActiveCfg = Debug|Any CPU
		{297E760C-4F3B-4BEA-9B51-413FA6AD1767}.Debug|Any CPU.Build.0 = Debug|Any CPU
		{297E760C-4F3B-4BEA-9B51-413FA6AD1767}.Release|Any CPU.ActiveCfg = Release|Any CPU
		{297E760C-4F3B-4BEA-9B51-413FA6AD1767}.Release|Any CPU.Build.0 = Release|Any CPU
		{53EFCA1B-C844-4C7A-A05B-0D6E76B424B2}.Debug|Any CPU.ActiveCfg = Debug|Any CPU
		{53EFCA1B-C844-4C7A-A05B-0D6E76B424B2}.Debug|Any CPU.Build.0 = Debug|Any CPU
		{53EFCA1B-C844-4C7A-A05B-0D6E76B424B2}.Release|Any CPU.ActiveCfg = Release|Any CPU
		{53EFCA1B-C844-4C7A-A05B-0D6E76B424B2}.Release|Any CPU.Build.0 = Release|Any CPU
		{232AB3C4-A191-4F94-B559-353EFB794656}.Debug|Any CPU.ActiveCfg = Debug|Any CPU
		{232AB3C4-A191-4F94-B559-353EFB794656}.Debug|Any CPU.Build.0 = Debug|Any CPU
		{232AB3C4-A191-4F94-B559-353EFB794656}.Release|Any CPU.ActiveCfg = Release|Any CPU
		{232AB3C4-A191-4F94-B559-353EFB794656}.Release|Any CPU.Build.0 = Release|Any CPU
	EndGlobalSection
	GlobalSection(SolutionProperties) = preSolution
		HideSolutionNode = FALSE
	EndGlobalSection
EndGlobal
