Microsoft Visual Studio Solution File, Format Version 12.00
# Visual Studio Version 17
VisualStudioVersion = 17.5.2.0
MinimumVisualStudioVersion = 10.0.40219.1
Project("{2150E333-8FDC-42A3-9474-1A3956D46DE8}") = "legacy_src", "legacy_src", "{0ABD22FF-FC31-CE5F-0C38-715E2EA8A808}"
EndProject
Project("{2150E333-8FDC-42A3-9474-1A3956D46DE8}") = "Project", "Project", "{5AF986EB-0142-5787-021F-7D0C07DAA5A8}"
EndProject
Project("{FAE04EC0-301F-11D3-BF4B-00C04F79EFBC}") = "DataAccess", "legacy_src\Project\DataAccess\DataAccess.csproj", "{6806115F-26B8-2CBE-62D3-052EEA589EA2}"
EndProject
Project("{FAE04EC0-301F-11D3-BF4B-00C04F79EFBC}") = "PCMBeans", "legacy_src\Project\PCMBeans\PCMBeans.csproj", "{8A49277B-5C63-A9BC-3A34-146B05539BE9}"
EndProject
Project("{FAE04EC0-301F-11D3-BF4B-00C04F79EFBC}") = "PCMBLL", "legacy_src\Project\PCMBLL\PCMBLL.csproj", "{45CC54EE-96FF-DD5C-A7C8-E49993331EEA}"
EndProject
Project("{FAE04EC0-301F-11D3-BF4B-00C04F79EFBC}") = "PCMDBL", "legacy_src\Project\PCMDBL\PCMDBL.csproj", "{5562589D-CA36-7575-97A9-E6DCAE068FEB}"
EndProject
Project("{2150E333-8FDC-42A3-9474-1A3956D46DE8}") = "UserAutherization", "UserAutherization", "{3A370A87-8CA4-D244-12BF-7BB9CCB0F44C}"
EndProject
Project("{2150E333-8FDC-42A3-9474-1A3956D46DE8}") = "Crystal Reports Backup Files", "Crystal Reports Backup Files", "{82293E3D-6D1B-5180-F719-334BBD5F19D5}"
EndProject
Project("{FAE04EC0-301F-11D3-BF4B-00C04F79EFBC}") = "MultiWearHouse", "legacy_src\Project\UserAutherization\Crystal Reports Backup Files\MultiWearHouse.csproj", "{F1D1B734-F9A8-F321-4379-1B25A947C004}"
EndProject
Project("{FAE04EC0-301F-11D3-BF4B-00C04F79EFBC}") = "DBUtil", "legacy_src\Project\UserAutherization\DBUtil\DBUtil.csproj", "{6D5FC8E1-D5C4-2241-0336-4D033ED926E5}"
EndProject
Project("{2150E333-8FDC-42A3-9474-1A3956D46DE8}") = "UserAutherization", "UserAutherization", "{ED4A0378-F831-8EEE-AB25-C3BF364C65DF}"
EndProject
Project("{FAE04EC0-301F-11D3-BF4B-00C04F79EFBC}") = "MultiWearHouse", "legacy_src\Project\UserAutherization\UserAutherization\MultiWearHouse.csproj", "{D2ADB4B0-7B9A-BA26-CDC4-2EF3DEE558E1}"
EndProject
Project("{2150E333-8FDC-42A3-9474-1A3956D46DE8}") = "Backup", "Backup", "{9FA5F2EA-4B0B-51D7-5469-F45EEC8A3F31}"
EndProject
Project("{FAE04EC0-301F-11D3-BF4B-00C04F79EFBC}") = "DataAccess", "legacy_src\Project\UserAutherization\Backup\DataAccess\DataAccess.csproj", "{1CCB330D-BBF4-3D8A-5825-3E24C02C9A8F}"
EndProject
Project("{FAE04EC0-301F-11D3-BF4B-00C04F79EFBC}") = "DBUtil", "legacy_src\Project\UserAutherization\Backup\DBUtil\DBUtil.csproj", "{6FBB4B2A-EEED-3E1B-9C18-D2729DD7167C}"
EndProject
Project("{FAE04EC0-301F-11D3-BF4B-00C04F79EFBC}") = "PCMBeans", "legacy_src\Project\UserAutherization\Backup\PCMBeans\PCMBeans.csproj", "{67B14E09-BBF8-3EF2-31BE-E2612E3CD370}"
EndProject
Project("{FAE04EC0-301F-11D3-BF4B-00C04F79EFBC}") = "PCMBLL", "legacy_src\Project\UserAutherization\Backup\PCMBLL\PCMBLL.csproj", "{CB0B8E7A-A925-42CE-D823-1E06EE666CAF}"
EndProject
Project("{FAE04EC0-301F-11D3-BF4B-00C04F79EFBC}") = "PCMDBL", "legacy_src\Project\UserAutherization\Backup\PCMDBL\PCMDBL.csproj", "{1E4777E6-A63F-7BB8-2142-19FF675222AD}"
EndProject
Project("{FAE04EC0-301F-11D3-BF4B-00C04F79EFBC}") = "UserAutherization", "legacy_src\Project\UserAutherization\Backup\UserAutherization\UserAutherization.csproj", "{B678FFB8-2713-DC82-DDC2-97988E58C06C}"
EndProject
Global
	GlobalSection(SolutionConfigurationPlatforms) = preSolution
		Debug|Any CPU = Debug|Any CPU
		Release|Any CPU = Release|Any CPU
	EndGlobalSection
	GlobalSection(ProjectConfigurationPlatforms) = postSolution
		{6806115F-26B8-2CBE-62D3-052EEA589EA2}.Debug|Any CPU.ActiveCfg = Debug|Any CPU
		{6806115F-26B8-2CBE-62D3-052EEA589EA2}.Debug|Any CPU.Build.0 = Debug|Any CPU
		{6806115F-26B8-2CBE-62D3-052EEA589EA2}.Release|Any CPU.ActiveCfg = Release|Any CPU
		{6806115F-26B8-2CBE-62D3-052EEA589EA2}.Release|Any CPU.Build.0 = Release|Any CPU
		{8A49277B-5C63-A9BC-3A34-146B05539BE9}.Debug|Any CPU.ActiveCfg = Debug|Any CPU
		{8A49277B-5C63-A9BC-3A34-146B05539BE9}.Debug|Any CPU.Build.0 = Debug|Any CPU
		{8A49277B-5C63-A9BC-3A34-146B05539BE9}.Release|Any CPU.ActiveCfg = Release|Any CPU
		{8A49277B-5C63-A9BC-3A34-146B05539BE9}.Release|Any CPU.Build.0 = Release|Any CPU
		{45CC54EE-96FF-DD5C-A7C8-E49993331EEA}.Debug|Any CPU.ActiveCfg = Debug|Any CPU
		{45CC54EE-96FF-DD5C-A7C8-E49993331EEA}.Debug|Any CPU.Build.0 = Debug|Any CPU
		{45CC54EE-96FF-DD5C-A7C8-E49993331EEA}.Release|Any CPU.ActiveCfg = Release|Any CPU
		{45CC54EE-96FF-DD5C-A7C8-E49993331EEA}.Release|Any CPU.Build.0 = Release|Any CPU
		{5562589D-CA36-7575-97A9-E6DCAE068FEB}.Debug|Any CPU.ActiveCfg = Debug|Any CPU
		{5562589D-CA36-7575-97A9-E6DCAE068FEB}.Debug|Any CPU.Build.0 = Debug|Any CPU
		{5562589D-CA36-7575-97A9-E6DCAE068FEB}.Release|Any CPU.ActiveCfg = Release|Any CPU
		{5562589D-CA36-7575-97A9-E6DCAE068FEB}.Release|Any CPU.Build.0 = Release|Any CPU
		{F1D1B734-F9A8-F321-4379-1B25A947C004}.Debug|Any CPU.ActiveCfg = Debug|Any CPU
		{F1D1B734-F9A8-F321-4379-1B25A947C004}.Debug|Any CPU.Build.0 = Debug|Any CPU
		{F1D1B734-F9A8-F321-4379-1B25A947C004}.Release|Any CPU.ActiveCfg = Release|Any CPU
		{F1D1B734-F9A8-F321-4379-1B25A947C004}.Release|Any CPU.Build.0 = Release|Any CPU
		{6D5FC8E1-D5C4-2241-0336-4D033ED926E5}.Debug|Any CPU.ActiveCfg = Debug|Any CPU
		{6D5FC8E1-D5C4-2241-0336-4D033ED926E5}.Debug|Any CPU.Build.0 = Debug|Any CPU
		{6D5FC8E1-D5C4-2241-0336-4D033ED926E5}.Release|Any CPU.ActiveCfg = Release|Any CPU
		{6D5FC8E1-D5C4-2241-0336-4D033ED926E5}.Release|Any CPU.Build.0 = Release|Any CPU
		{D2ADB4B0-7B9A-BA26-CDC4-2EF3DEE558E1}.Debug|Any CPU.ActiveCfg = Debug|Any CPU
		{D2ADB4B0-7B9A-BA26-CDC4-2EF3DEE558E1}.Debug|Any CPU.Build.0 = Debug|Any CPU
		{D2ADB4B0-7B9A-BA26-CDC4-2EF3DEE558E1}.Release|Any CPU.ActiveCfg = Release|Any CPU
		{D2ADB4B0-7B9A-BA26-CDC4-2EF3DEE558E1}.Release|Any CPU.Build.0 = Release|Any CPU
		{1CCB330D-BBF4-3D8A-5825-3E24C02C9A8F}.Debug|Any CPU.ActiveCfg = Debug|Any CPU
		{1CCB330D-BBF4-3D8A-5825-3E24C02C9A8F}.Debug|Any CPU.Build.0 = Debug|Any CPU
		{1CCB330D-BBF4-3D8A-5825-3E24C02C9A8F}.Release|Any CPU.ActiveCfg = Release|Any CPU
		{1CCB330D-BBF4-3D8A-5825-3E24C02C9A8F}.Release|Any CPU.Build.0 = Release|Any CPU
		{6FBB4B2A-EEED-3E1B-9C18-D2729DD7167C}.Debug|Any CPU.ActiveCfg = Debug|Any CPU
		{6FBB4B2A-EEED-3E1B-9C18-D2729DD7167C}.Debug|Any CPU.Build.0 = Debug|Any CPU
		{6FBB4B2A-EEED-3E1B-9C18-D2729DD7167C}.Release|Any CPU.ActiveCfg = Release|Any CPU
		{6FBB4B2A-EEED-3E1B-9C18-D2729DD7167C}.Release|Any CPU.Build.0 = Release|Any CPU
		{67B14E09-BBF8-3EF2-31BE-E2612E3CD370}.Debug|Any CPU.ActiveCfg = Debug|Any CPU
		{67B14E09-BBF8-3EF2-31BE-E2612E3CD370}.Debug|Any CPU.Build.0 = Debug|Any CPU
		{67B14E09-BBF8-3EF2-31BE-E2612E3CD370}.Release|Any CPU.ActiveCfg = Release|Any CPU
		{67B14E09-BBF8-3EF2-31BE-E2612E3CD370}.Release|Any CPU.Build.0 = Release|Any CPU
		{CB0B8E7A-A925-42CE-D823-1E06EE666CAF}.Debug|Any CPU.ActiveCfg = Debug|Any CPU
		{CB0B8E7A-A925-42CE-D823-1E06EE666CAF}.Debug|Any CPU.Build.0 = Debug|Any CPU
		{CB0B8E7A-A925-42CE-D823-1E06EE666CAF}.Release|Any CPU.ActiveCfg = Release|Any CPU
		{CB0B8E7A-A925-42CE-D823-1E06EE666CAF}.Release|Any CPU.Build.0 = Release|Any CPU
		{1E4777E6-A63F-7BB8-2142-19FF675222AD}.Debug|Any CPU.ActiveCfg = Debug|Any CPU
		{1E4777E6-A63F-7BB8-2142-19FF675222AD}.Debug|Any CPU.Build.0 = Debug|Any CPU
		{1E4777E6-A63F-7BB8-2142-19FF675222AD}.Release|Any CPU.ActiveCfg = Release|Any CPU
		{1E4777E6-A63F-7BB8-2142-19FF675222AD}.Release|Any CPU.Build.0 = Release|Any CPU
		{B678FFB8-2713-DC82-DDC2-97988E58C06C}.Debug|Any CPU.ActiveCfg = Debug|Any CPU
		{B678FFB8-2713-DC82-DDC2-97988E58C06C}.Debug|Any CPU.Build.0 = Debug|Any CPU
		{B678FFB8-2713-DC82-DDC2-97988E58C06C}.Release|Any CPU.ActiveCfg = Release|Any CPU
		{B678FFB8-2713-DC82-DDC2-97988E58C06C}.Release|Any CPU.Build.0 = Release|Any CPU
	EndGlobalSection
	GlobalSection(SolutionProperties) = preSolution
		HideSolutionNode = FALSE
	EndGlobalSection
	GlobalSection(NestedProjects) = preSolution
		{5AF986EB-0142-5787-021F-7D0C07DAA5A8} = {0ABD22FF-FC31-CE5F-0C38-715E2EA8A808}
		{6806115F-26B8-2CBE-62D3-052EEA589EA2} = {5AF986EB-0142-5787-021F-7D0C07DAA5A8}
		{8A49277B-5C63-A9BC-3A34-146B05539BE9} = {5AF986EB-0142-5787-021F-7D0C07DAA5A8}
		{45CC54EE-96FF-DD5C-A7C8-E49993331EEA} = {5AF986EB-0142-5787-021F-7D0C07DAA5A8}
		{5562589D-CA36-7575-97A9-E6DCAE068FEB} = {5AF986EB-0142-5787-021F-7D0C07DAA5A8}
		{3A370A87-8CA4-D244-12BF-7BB9CCB0F44C} = {5AF986EB-0142-5787-021F-7D0C07DAA5A8}
		{82293E3D-6D1B-5180-F719-334BBD5F19D5} = {3A370A87-8CA4-D244-12BF-7BB9CCB0F44C}
		{F1D1B734-F9A8-F321-4379-1B25A947C004} = {82293E3D-6D1B-5180-F719-334BBD5F19D5}
		{6D5FC8E1-D5C4-2241-0336-4D033ED926E5} = {3A370A87-8CA4-D244-12BF-7BB9CCB0F44C}
		{ED4A0378-F831-8EEE-AB25-C3BF364C65DF} = {3A370A87-8CA4-D244-12BF-7BB9CCB0F44C}
		{D2ADB4B0-7B9A-BA26-CDC4-2EF3DEE558E1} = {ED4A0378-F831-8EEE-AB25-C3BF364C65DF}
		{9FA5F2EA-4B0B-51D7-5469-F45EEC8A3F31} = {3A370A87-8CA4-D244-12BF-7BB9CCB0F44C}
		{1CCB330D-BBF4-3D8A-5825-3E24C02C9A8F} = {9FA5F2EA-4B0B-51D7-5469-F45EEC8A3F31}
		{6FBB4B2A-EEED-3E1B-9C18-D2729DD7167C} = {9FA5F2EA-4B0B-51D7-5469-F45EEC8A3F31}
		{67B14E09-BBF8-3EF2-31BE-E2612E3CD370} = {9FA5F2EA-4B0B-51D7-5469-F45EEC8A3F31}
		{CB0B8E7A-A925-42CE-D823-1E06EE666CAF} = {9FA5F2EA-4B0B-51D7-5469-F45EEC8A3F31}
		{1E4777E6-A63F-7BB8-2142-19FF675222AD} = {9FA5F2EA-4B0B-51D7-5469-F45EEC8A3F31}
		{B678FFB8-2713-DC82-DDC2-97988E58C06C} = {9FA5F2EA-4B0B-51D7-5469-F45EEC8A3F31}
	EndGlobalSection
	GlobalSection(ExtensibilityGlobals) = postSolution
		SolutionGuid = {D48192E8-93A0-4C06-B534-1468AE3B0E1F}
	EndGlobalSection
EndGlobal
